// !$*UTF8*$!
{
	archiveVersion = 1;
	classes = {
	};
	objectVersion = 50;
	objects = {

/* Begin PBXBuildFile section */
		6EAB5560219BEA07006D4F49 /* AppDelegate.swift in Sources */ = {isa = PBXBuildFile; fileRef = 6EAB555F219BEA07006D4F49 /* AppDelegate.swift */; };
		6EAB5562219BEA07006D4F49 /* ViewController.swift in Sources */ = {isa = PBXBuildFile; fileRef = 6EAB5561219BEA07006D4F49 /* ViewController.swift */; };
		6EAB5565219BEA07006D4F49 /* Main.storyboard in Resources */ = {isa = PBXBuildFile; fileRef = 6EAB5563219BEA07006D4F49 /* Main.storyboard */; };
		6EAB5567219BEA08006D4F49 /* Assets.xcassets in Resources */ = {isa = PBXBuildFile; fileRef = 6EAB5566219BEA08006D4F49 /* Assets.xcassets */; };
		6EAB556A219BEA08006D4F49 /* LaunchScreen.storyboard in Resources */ = {isa = PBXBuildFile; fileRef = 6EAB5568219BEA08006D4F49 /* LaunchScreen.storyboard */; };
		6EAB55C4219BEB86006D4F49 /* MFYConnect.framework in Frameworks */ = {isa = PBXBuildFile; fileRef = 6EAB55C3219BEB86006D4F49 /* MFYConnect.framework */; };
		6EAB5633219C07E8006D4F49 /* AppKeys.swift in Sources */ = {isa = PBXBuildFile; fileRef = 6EAB5632219C07E8006D4F49 /* AppKeys.swift */; };
/* End PBXBuildFile section */

/* Begin PBXCopyFilesBuildPhase section */
		6EAB55C1219BEB3A006D4F49 /* Embed Frameworks */ = {
			isa = PBXCopyFilesBuildPhase;
			buildActionMask = 2147483647;
			dstPath = "";
			dstSubfolderSpec = 10;
			files = (
			);
			name = "Embed Frameworks";
			runOnlyForDeploymentPostprocessing = 0;
		};
/* End PBXCopyFilesBuildPhase section */

/* Begin PBXFileReference section */
		6EAB555C219BEA07006D4F49 /* MFYConnectDemo.app */ = {isa = PBXFileReference; explicitFileType = wrapper.application; includeInIndex = 0; path = MFYConnectDemo.app; sourceTree = BUILT_PRODUCTS_DIR; };
		6EAB555F219BEA07006D4F49 /* AppDelegate.swift */ = {isa = PBXFileReference; lastKnownFileType = sourcecode.swift; path = AppDelegate.swift; sourceTree = "<group>"; };
		6EAB5561219BEA07006D4F49 /* ViewController.swift */ = {isa = PBXFileReference; lastKnownFileType = sourcecode.swift; path = ViewController.swift; sourceTree = "<group>"; };
		6EAB5564219BEA07006D4F49 /* Base */ = {isa = PBXFileReference; lastKnownFileType = file.storyboard; name = Base; path = Base.lproj/Main.storyboard; sourceTree = "<group>"; };
		6EAB5566219BEA08006D4F49 /* Assets.xcassets */ = {isa = PBXFileReference; lastKnownFileType = folder.assetcatalog; path = Assets.xcassets; sourceTree = "<group>"; };
		6EAB5569219BEA08006D4F49 /* Base */ = {isa = PBXFileReference; lastKnownFileType = file.storyboard; name = Base; path = Base.lproj/LaunchScreen.storyboard; sourceTree = "<group>"; };
		6EAB556B219BEA08006D4F49 /* Info.plist */ = {isa = PBXFileReference; lastKnownFileType = text.plist.xml; path = Info.plist; sourceTree = "<group>"; };
		6EAB55C3219BEB86006D4F49 /* MFYConnect.framework */ = {isa = PBXFileReference; explicitFileType = wrapper.framework; path = MFYConnect.framework; sourceTree = BUILT_PRODUCTS_DIR; };
		6EAB5632219C07E8006D4F49 /* AppKeys.swift */ = {isa = PBXFileReference; fileEncoding = 4; lastKnownFileType = sourcecode.swift; path = AppKeys.swift; sourceTree = "<group>"; };
/* End PBXFileReference section */

/* Begin PBXFrameworksBuildPhase section */
		6EAB5559219BEA07006D4F49 /* Frameworks */ = {
			isa = PBXFrameworksBuildPhase;
			buildActionMask = 2147483647;
			files = (
				6EAB55C4219BEB86006D4F49 /* MFYConnect.framework in Frameworks */,
			);
			runOnlyForDeploymentPostprocessing = 0;
		};
/* End PBXFrameworksBuildPhase section */

/* Begin PBXGroup section */
		6EAB5553219BEA07006D4F49 = {
			isa = PBXGroup;
			children = (
				6EAB555E219BEA07006D4F49 /* MFYConnectDemo */,
				6EAB555D219BEA07006D4F49 /* Products */,
				6EAB55C2219BEB86006D4F49 /* Frameworks */,
			);
			sourceTree = "<group>";
		};
		6EAB555D219BEA07006D4F49 /* Products */ = {
			isa = PBXGroup;
			children = (
				6EAB555C219BEA07006D4F49 /* MFYConnectDemo.app */,
			);
			name = Products;
			sourceTree = "<group>";
		};
		6EAB555E219BEA07006D4F49 /* MFYConnectDemo */ = {
			isa = PBXGroup;
			children = (
				6EAB555F219BEA07006D4F49 /* AppDelegate.swift */,
				6EAB5561219BEA07006D4F49 /* ViewController.swift */,
				6EAB5632219C07E8006D4F49 /* AppKeys.swift */,
				6EAB5563219BEA07006D4F49 /* Main.storyboard */,
				6EAB5566219BEA08006D4F49 /* Assets.xcassets */,
				6EAB5568219BEA08006D4F49 /* LaunchScreen.storyboard */,
				6EAB556B219BEA08006D4F49 /* Info.plist */,
			);
			path = MFYConnectDemo;
			sourceTree = "<group>";
		};
		6EAB55C2219BEB86006D4F49 /* Frameworks */ = {
			isa = PBXGroup;
			children = (
				6EAB55C3219BEB86006D4F49 /* MFYConnect.framework */,
			);
			name = Frameworks;
			sourceTree = "<group>";
		};
/* End PBXGroup section */

/* Begin PBXNativeTarget section */
		6EAB555B219BEA07006D4F49 /* MFYConnectDemo */ = {
			isa = PBXNativeTarget;
			buildConfigurationList = 6EAB556E219BEA08006D4F49 /* Build configuration list for PBXNativeTarget "MFYConnectDemo" */;
			buildPhases = (
				6EAB5558219BEA07006D4F49 /* Sources */,
				6EAB5559219BEA07006D4F49 /* Frameworks */,
				6EAB555A219BEA07006D4F49 /* Resources */,
				6EAB55C1219BEB3A006D4F49 /* Embed Frameworks */,
			);
			buildRules = (
			);
			dependencies = (
			);
			name = MFYConnectDemo;
			productName = MFYConnectDemo;
			productReference = 6EAB555C219BEA07006D4F49 /* MFYConnectDemo.app */;
			productType = "com.apple.product-type.application";
		};
/* End PBXNativeTarget section */

/* Begin PBXProject section */
		6EAB5554219BEA07006D4F49 /* Project object */ = {
			isa = PBXProject;
			attributes = {
				LastSwiftUpdateCheck = 1010;
				LastUpgradeCheck = 1010;
				ORGANIZATIONNAME = "SCSK Corporation";
				TargetAttributes = {
					6EAB555B219BEA07006D4F49 = {
						CreatedOnToolsVersion = 10.1;
					};
				};
			};
			buildConfigurationList = 6EAB5557219BEA07006D4F49 /* Build configuration list for PBXProject "MFYConnectDemo" */;
			compatibilityVersion = "Xcode 9.3";
			developmentRegion = en;
			hasScannedForEncodings = 0;
			knownRegions = (
				en,
				Base,
			);
			mainGroup = 6EAB5553219BEA07006D4F49;
			productRefGroup = 6EAB555D219BEA07006D4F49 /* Products */;
			projectDirPath = "";
			projectRoot = "";
			targets = (
				6EAB555B219BEA07006D4F49 /* MFYConnectDemo */,
			);
		};
/* End PBXProject section */

/* Begin PBXResourcesBuildPhase section */
		6EAB555A219BEA07006D4F49 /* Resources */ = {
			isa = PBXResourcesBuildPhase;
			buildActionMask = 2147483647;
			files = (
				6EAB556A219BEA08006D4F49 /* LaunchScreen.storyboard in Resources */,
				6EAB5567219BEA08006D4F49 /* Assets.xcassets in Resources */,
				6EAB5565219BEA07006D4F49 /* Main.storyboard in Resources */,
			);
			runOnlyForDeploymentPostprocessing = 0;
		};
/* End PBXResourcesBuildPhase section */

/* Begin PBXSourcesBuildPhase section */
		6EAB5558219BEA07006D4F49 /* Sources */ = {
			isa = PBXSourcesBuildPhase;
			buildActionMask = 2147483647;
			files = (
				6EAB5633219C07E8006D4F49 /* AppKeys.swift in Sources */,
				6EAB5562219BEA07006D4F49 /* ViewController.swift in Sources */,
				6EAB5560219BEA07006D4F49 /* AppDelegate.swift in Sources */,
			);
			runOnlyForDeploymentPostprocessing = 0;
		};
/* End PBXSourcesBuildPhase section */

/* Begin PBXVariantGroup section */
		6EAB5563219BEA07006D4F49 /* Main.storyboard */ = {
			isa = PBXVariantGroup;
			children = (
				6EAB5564219BEA07006D4F49 /* Base */,
			);
			name = Main.storyboard;
			sourceTree = "<group>";
		};
		6EAB5568219BEA08006D4F49 /* LaunchScreen.storyboard */ = {
			isa = PBXVariantGroup;
			children = (
				6EAB5569219BEA08006D4F49 /* Base */,
			);
			name = LaunchScreen.storyboard;
			sourceTree = "<group>";
		};
/* End PBXVariantGroup section */

/* Begin XCBuildConfiguration section */
		6EAB556C219BEA08006D4F49 /* Debug */ = {
			isa = XCBuildConfiguration;
			buildSettings = {
				ALWAYS_SEARCH_USER_PATHS = NO;
				CLANG_ANALYZER_NONNULL = YES;
				CLANG_ANALYZER_NUMBER_OBJECT_CONVERSION = YES_AGGRESSIVE;
				CLANG_CXX_LANGUAGE_STANDARD = "gnu++14";
				CLANG_CXX_LIBRARY = "libc++";
				CLANG_ENABLE_MODULES = YES;
				CLANG_ENABLE_OBJC_ARC = YES;
				CLANG_ENABLE_OBJC_WEAK = YES;
				CLANG_WARN_BLOCK_CAPTURE_AUTORELEASING = YES;
				CLANG_WARN_BOOL_CONVERSION = YES;
				CLANG_WARN_COMMA = YES;
				CLANG_WARN_CONSTANT_CONVERSION = YES;
				CLANG_WARN_DEPRECATED_OBJC_IMPLEMENTATIONS = YES;
				CLANG_WARN_DIRECT_OBJC_ISA_USAGE = YES_ERROR;
				CLANG_WARN_DOCUMENTATION_COMMENTS = YES;
				CLANG_WARN_EMPTY_BODY = YES;
				CLANG_WARN_ENUM_CONVERSION = YES;
				CLANG_WARN_INFINITE_RECURSION = YES;
				CLANG_WARN_INT_CONVERSION = YES;
				CLANG_WARN_NON_LITERAL_NULL_CONVERSION = YES;
				CLANG_WARN_OBJC_IMPLICIT_RETAIN_SELF = YES;
				CLANG_WARN_OBJC_LITERAL_CONVERSION = YES;
				CLANG_WARN_OBJC_ROOT_CLASS = YES_ERROR;
				CLANG_WARN_RANGE_LOOP_ANALYSIS = YES;
				CLANG_WARN_STRICT_PROTOTYPES = YES;
				CLANG_WARN_SUSPICIOUS_MOVE = YES;
				CLANG_WARN_UNGUARDED_AVAILABILITY = YES_AGGRESSIVE;
				CLANG_WARN_UNREACHABLE_CODE = YES;
				CLANG_WARN__DUPLICATE_METHOD_MATCH = YES;
				CODE_SIGN_IDENTITY = "iPhone Developer";
				COPY_PHASE_STRIP = NO;
				DEBUG_INFORMATION_FORMAT = dwarf;
				ENABLE_STRICT_OBJC_MSGSEND = YES;
				ENABLE_TESTABILITY = YES;
				GCC_C_LANGUAGE_STANDARD = gnu11;
				GCC_DYNAMIC_NO_PIC = NO;
				GCC_NO_COMMON_BLOCKS = YES;
				GCC_OPTIMIZATION_LEVEL = 0;
				GCC_PREPROCESSOR_DEFINITIONS = (
					"DEBUG=1",
					"$(inherited)",
				);
				GCC_WARN_64_TO_32_BIT_CONVERSION = YES;
				GCC_WARN_ABOUT_RETURN_TYPE = YES_ERROR;
				GCC_WARN_UNDECLARED_SELECTOR = YES;
				GCC_WARN_UNINITIALIZED_AUTOS = YES_AGGRESSIVE;
				GCC_WARN_UNUSED_FUNCTION = YES;
				GCC_WARN_UNUSED_VARIABLE = YES;
				HEADER_SEARCH_PATHS = "";
				IPHONEOS_DEPLOYMENT_TARGET = 10.0;
				MTL_ENABLE_DEBUG_INFO = INCLUDE_SOURCE;
				MTL_FAST_MATH = YES;
				ONLY_ACTIVE_ARCH = YES;
				SDKROOT = iphoneos;
				SWIFT_ACTIVE_COMPILATION_CONDITIONS = DEBUG;
				SWIFT_OPTIMIZATION_LEVEL = "-Onone";
			};
			name = Debug;
		};
		6EAB556D219BEA08006D4F49 /* Release */ = {
			isa = XCBuildConfiguration;
			buildSettings = {
				ALWAYS_SEARCH_USER_PATHS = NO;
				CLANG_ANALYZER_NONNULL = YES;
				CLANG_ANALYZER_NUMBER_OBJECT_CONVERSION = YES_AGGRESSIVE;
				CLANG_CXX_LANGUAGE_STANDARD = "gnu++14";
				CLANG_CXX_LIBRARY = "libc++";
				CLANG_ENABLE_MODULES = YES;
				CLANG_ENABLE_OBJC_ARC = YES;
				CLANG_ENABLE_OBJC_WEAK = YES;
				CLANG_WARN_BLOCK_CAPTURE_AUTORELEASING = YES;
				CLANG_WARN_BOOL_CONVERSION = YES;
				CLANG_WARN_COMMA = YES;
				CLANG_WARN_CONSTANT_CONVERSION = YES;
				CLANG_WARN_DEPRECATED_OBJC_IMPLEMENTATIONS = YES;
				CLANG_WARN_DIRECT_OBJC_ISA_USAGE = YES_ERROR;
				CLANG_WARN_DOCUMENTATION_COMMENTS = YES;
				CLANG_WARN_EMPTY_BODY = YES;
				CLANG_WARN_ENUM_CONVERSION = YES;
				CLANG_WARN_INFINITE_RECURSION = YES;
				CLANG_WARN_INT_CONVERSION = YES;
				CLANG_WARN_NON_LITERAL_NULL_CONVERSION = YES;
				CLANG_WARN_OBJC_IMPLICIT_RETAIN_SELF = YES;
				CLANG_WARN_OBJC_LITERAL_CONVERSION = YES;
				CLANG_WARN_OBJC_ROOT_CLASS = YES_ERROR;
				CLANG_WARN_RANGE_LOOP_ANALYSIS = YES;
				CLANG_WARN_STRICT_PROTOTYPES = YES;
				CLANG_WARN_SUSPICIOUS_MOVE = YES;
				CLANG_WARN_UNGUARDED_AVAILABILITY = YES_AGGRESSIVE;
				CLANG_WARN_UNREACHABLE_CODE = YES;
				CLANG_WARN__DUPLICATE_METHOD_MATCH = YES;
				CODE_SIGN_IDENTITY = "iPhone Developer";
				COPY_PHASE_STRIP = NO;
				DEBUG_INFORMATION_FORMAT = "dwarf-with-dsym";
				ENABLE_NS_ASSERTIONS = NO;
				ENABLE_STRICT_OBJC_MSGSEND = YES;
				GCC_C_LANGUAGE_STANDARD = gnu11;
				GCC_NO_COMMON_BLOCKS = YES;
				GCC_WARN_64_TO_32_BIT_CONVERSION = YES;
				GCC_WARN_ABOUT_RETURN_TYPE = YES_ERROR;
				GCC_WARN_UNDECLARED_SELECTOR = YES;
				GCC_WARN_UNINITIALIZED_AUTOS = YES_AGGRESSIVE;
				GCC_WARN_UNUSED_FUNCTION = YES;
				GCC_WARN_UNUSED_VARIABLE = YES;
				HEADER_SEARCH_PATHS = "";
				IPHONEOS_DEPLOYMENT_TARGET = 10.0;
				MTL_ENABLE_DEBUG_INFO = NO;
				MTL_FAST_MATH = YES;
				SDKROOT = iphoneos;
				SWIFT_COMPILATION_MODE = wholemodule;
				SWIFT_OPTIMIZATION_LEVEL = "-O";
				VALIDATE_PRODUCT = YES;
			};
			name = Release;
		};
		6EAB556F219BEA08006D4F49 /* Debug */ = {
			isa = XCBuildConfiguration;
			buildSettings = {
				ALWAYS_EMBED_SWIFT_STANDARD_LIBRARIES = NO;
				ASSETCATALOG_COMPILER_APPICON_NAME = AppIcon;
				CODE_SIGN_STYLE = Manual;
				DEVELOPMENT_TEAM = "";
				INFOPLIST_FILE = MFYConnectDemo/Info.plist;
				LD_RUNPATH_SEARCH_PATHS = (
					"$(inherited)",
					"@executable_path/Frameworks",
				);
				OTHER_LDFLAGS = "-Objc";
				PRODUCT_BUNDLE_IDENTIFIER = minefocus.MFYConnectDemo;
				PRODUCT_NAME = "$(TARGET_NAME)";
				PROVISIONING_PROFILE_SPECIFIER = "";
				SWIFT_VERSION = 4.2;
				TARGETED_DEVICE_FAMILY = "1,2";
			};
			name = Debug;
		};
		6EAB5570219BEA08006D4F49 /* Release */ = {
			isa = XCBuildConfiguration;
			buildSettings = {
				ALWAYS_EMBED_SWIFT_STANDARD_LIBRARIES = NO;
				ASSETCATALOG_COMPILER_APPICON_NAME = AppIcon;
				CODE_SIGN_STYLE = Manual;
				DEVELOPMENT_TEAM = "";
				INFOPLIST_FILE = MFYConnectDemo/Info.plist;
				LD_RUNPATH_SEARCH_PATHS = (
					"$(inherited)",
					"@executable_path/Frameworks",
				);
				OTHER_LDFLAGS = "-Objc";
				PRODUCT_BUNDLE_IDENTIFIER = minefocus.MFYConnectDemo;
				PRODUCT_NAME = "$(TARGET_NAME)";
				PROVISIONING_PROFILE_SPECIFIER = "";
				SWIFT_VERSION = 4.2;
				TARGETED_DEVICE_FAMILY = "1,2";
			};
			name = Release;
		};
/* End XCBuildConfiguration section */

/* Begin XCConfigurationList section */
		6EAB5557219BEA07006D4F49 /* Build configuration list for PBXProject "MFYConnectDemo" */ = {
			isa = XCConfigurationList;
			buildConfigurations = (
				6EAB556C219BEA08006D4F49 /* Debug */,
				6EAB556D219BEA08006D4F49 /* Release */,
			);
			defaultConfigurationIsVisible = 0;
			defaultConfigurationName = Release;
		};
		6EAB556E219BEA08006D4F49 /* Build configuration list for PBXNativeTarget "MFYConnectDemo" */ = {
			isa = XCConfigurationList;
			buildConfigurations = (
				6EAB556F219BEA08006D4F49 /* Debug */,
				6EAB5570219BEA08006D4F49 /* Release */,
			);
			defaultConfigurationIsVisible = 0;
			defaultConfigurationName = Release;
		};
/* End XCConfigurationList section */
	};
	rootObject = 6EAB5554219BEA07006D4F49 /* Project object */;
}
